
Microsoft Visual Studio Solution File, Format Version 12.00
# Visual Studio Version 16
VisualStudioVersion = 16.0.29102.190
MinimumVisualStudioVersion = 10.0.40219.1
Project("{8BC9CEB8-8B4A-11D0-8D11-00A0C91BC942}") = "IoTConnectHL", "IoTConnectHL.vcxproj", "{F7EE42DB-A08A-419D-9D13-AC79298C3B44}"
EndProject
Global
	GlobalSection(SolutionConfigurationPlatforms) = preSolution
		Debug|ARM = Debug|ARM
		Release|ARM = Release|ARM
	EndGlobalSection
	GlobalSection(ProjectConfigurationPlatforms) = postSolution
		{F7EE42DB-A08A-419D-9D13-AC79298C3B44}.Debug|ARM.ActiveCfg = Debug|ARM
		{F7EE42DB-A08A-419D-9D13-AC79298C3B44}.Debug|ARM.Build.0 = Debug|ARM
		{F7EE42DB-A08A-419D-9D13-AC79298C3B44}.Release|ARM.ActiveCfg = Release|ARM
		{F7EE42DB-A08A-419D-9D13-AC79298C3B44}.Release|ARM.Build.0 = Release|ARM
	EndGlobalSection
	GlobalSection(SolutionProperties) = preSolution
		HideSolutionNode = FALSE
	EndGlobalSection
	GlobalSection(ExtensibilityGlobals) = postSolution
		SolutionGuid = {37A085BE-B3CA-4F2C-826B-9B57843FFF88}
	EndGlobalSection
EndGlobal
