
Microsoft Visual Studio Solution File, Format Version 12.00
# Visual Studio Version 16
VisualStudioVersion = 16.0.29215.179
MinimumVisualStudioVersion = 10.0.40219.1
Project("{8BC9CEB8-8B4A-11D0-8D11-00A0C91BC942}") = "SphereBME280", "SphereBME280\SphereBME280.vcxproj", "{028056BA-7D98-4B5C-99B4-358C0AEEF82B}"
EndProject
Project("{8BC9CEB8-8B4A-11D0-8D11-00A0C91BC942}") = "libBME280", "libBME280\libBME280.vcxproj", "{8897932A-6CCD-4EE3-872A-4A629CEF0760}"
EndProject
Project("{2150E333-8FDC-42A3-9474-1A3956D46DE8}") = "Solution Items", "Solution Items", "{DAF93822-65B2-497B-BDDD-1A0710A2BE2C}"
	ProjectSection(SolutionItems) = preProject
		Readme.md = Readme.md
	EndProjectSection
EndProject
Project("{2150E333-8FDC-42A3-9474-1A3956D46DE8}") = "Images", "Images", "{D9A88EC7-020D-4733-BF9D-EB7F51FCB66B}"
	ProjectSection(SolutionItems) = preProject
		Images\Lab_BME280.png = Images\Lab_BME280.png
	EndProjectSection
EndProject
Global
	GlobalSection(SolutionConfigurationPlatforms) = preSolution
		Debug|ARM = Debug|ARM
		Release|ARM = Release|ARM
	EndGlobalSection
	GlobalSection(ProjectConfigurationPlatforms) = postSolution
		{028056BA-7D98-4B5C-99B4-358C0AEEF82B}.Debug|ARM.ActiveCfg = Debug|ARM
		{028056BA-7D98-4B5C-99B4-358C0AEEF82B}.Debug|ARM.Build.0 = Debug|ARM
		{028056BA-7D98-4B5C-99B4-358C0AEEF82B}.Release|ARM.ActiveCfg = Release|ARM
		{028056BA-7D98-4B5C-99B4-358C0AEEF82B}.Release|ARM.Build.0 = Release|ARM
		{8897932A-6CCD-4EE3-872A-4A629CEF0760}.Debug|ARM.ActiveCfg = Debug|ARM
		{8897932A-6CCD-4EE3-872A-4A629CEF0760}.Debug|ARM.Build.0 = Debug|ARM
		{8897932A-6CCD-4EE3-872A-4A629CEF0760}.Release|ARM.ActiveCfg = Release|ARM
		{8897932A-6CCD-4EE3-872A-4A629CEF0760}.Release|ARM.Build.0 = Release|ARM
	EndGlobalSection
	GlobalSection(SolutionProperties) = preSolution
		HideSolutionNode = FALSE
	EndGlobalSection
	GlobalSection(NestedProjects) = preSolution
		{D9A88EC7-020D-4733-BF9D-EB7F51FCB66B} = {DAF93822-65B2-497B-BDDD-1A0710A2BE2C}
	EndGlobalSection
	GlobalSection(ExtensibilityGlobals) = postSolution
		SolutionGuid = {0651536C-CE2F-4F7C-8A5E-A408564EEA8E}
	EndGlobalSection
EndGlobal
